dependencies:
- name: prometheus
  repository: https://prometheus-community.github.io/helm-charts
  version: 15.18.0
- name: ingress-nginx
  repository: https://kubernetes.github.io/ingress-nginx
  version: 4.4.0
digest: sha256:d7475b0f6f06b2b7ed547ea6318f723e25204fcdafd1244d351e132ec651850e
generated: "2023-02-07T16:29:09.295424637+01:00"
