dependencies:
- name: prometheus
  repository: https://prometheus-community.github.io/helm-charts
  version: 14.7.1
- name: ingress-nginx
  repository: https://kubernetes.github.io/ingress-nginx
  version: 4.0.13
digest: sha256:9d2dc654f955ea7933a0074ab501cb420b032c0fef3e78fe846ef82ca57a725f
generated: "2022-01-21T10:06:42.279265116+10:00"
